
Microsoft Visual Studio Solution File, Format Version 12.00
# Visual Studio 2013
VisualStudioVersion = 12.0.31101.0
MinimumVisualStudioVersion = 10.0.40219.1
Project("{2150E333-8FDC-42A3-9474-1A3956D46DE8}") = "CocktailBible", "CocktailBible", "{0F6F5DAB-E1AA-4F71-A68E-D17DDE8D970E}"
EndProject
Project("{FAE04EC0-301F-11D3-BF4B-00C04F79EFBC}") = "CocktailBible.Windows", "CocktailBible\CocktailBible.Windows\CocktailBible.Windows.csproj", "{E378FA4A-EADB-4E82-AFFB-5EA5F873E791}"
EndProject
Project("{FAE04EC0-301F-11D3-BF4B-00C04F79EFBC}") = "CocktailBible.WindowsPhone", "CocktailBible\CocktailBible.WindowsPhone\CocktailBible.WindowsPhone.csproj", "{006326DD-8881-4ADC-89B5-EA7F2CDA5B04}"
EndProject
Project("{D954291E-2A0B-460D-934E-DC6B0785DB48}") = "CocktailBible.Shared", "CocktailBible\CocktailBible.Shared\CocktailBible.Shared.shproj", "{6C0CB112-E2FC-4493-88BE-63343218B805}"
EndProject
Global
	GlobalSection(SharedMSBuildProjectFiles) = preSolution
		CocktailBible\CocktailBible.Shared\CocktailBible.Shared.projitems*{6c0cb112-e2fc-4493-88be-63343218b805}*SharedItemsImports = 13
		CocktailBible\CocktailBible.Shared\CocktailBible.Shared.projitems*{e378fa4a-eadb-4e82-affb-5ea5f873e791}*SharedItemsImports = 4
		CocktailBible\CocktailBible.Shared\CocktailBible.Shared.projitems*{006326dd-8881-4adc-89b5-ea7f2cda5b04}*SharedItemsImports = 4
	EndGlobalSection
	GlobalSection(SolutionConfigurationPlatforms) = preSolution
		Debug|Any CPU = Debug|Any CPU
		Debug|ARM = Debug|ARM
		Debug|x64 = Debug|x64
		Debug|x86 = Debug|x86
		Release|Any CPU = Release|Any CPU
		Release|ARM = Release|ARM
		Release|x64 = Release|x64
		Release|x86 = Release|x86
	EndGlobalSection
	GlobalSection(ProjectConfigurationPlatforms) = postSolution
		{E378FA4A-EADB-4E82-AFFB-5EA5F873E791}.Debug|Any CPU.ActiveCfg = Debug|x86
		{E378FA4A-EADB-4E82-AFFB-5EA5F873E791}.Debug|Any CPU.Build.0 = Debug|x86
		{E378FA4A-EADB-4E82-AFFB-5EA5F873E791}.Debug|Any CPU.Deploy.0 = Debug|x86
		{E378FA4A-EADB-4E82-AFFB-5EA5F873E791}.Debug|ARM.ActiveCfg = Debug|ARM
		{E378FA4A-EADB-4E82-AFFB-5EA5F873E791}.Debug|ARM.Build.0 = Debug|ARM
		{E378FA4A-EADB-4E82-AFFB-5EA5F873E791}.Debug|ARM.Deploy.0 = Debug|ARM
		{E378FA4A-EADB-4E82-AFFB-5EA5F873E791}.Debug|x64.ActiveCfg = Debug|x64
		{E378FA4A-EADB-4E82-AFFB-5EA5F873E791}.Debug|x64.Build.0 = Debug|x64
		{E378FA4A-EADB-4E82-AFFB-5EA5F873E791}.Debug|x64.Deploy.0 = Debug|x64
		{E378FA4A-EADB-4E82-AFFB-5EA5F873E791}.Debug|x86.ActiveCfg = Debug|x86
		{E378FA4A-EADB-4E82-AFFB-5EA5F873E791}.Debug|x86.Build.0 = Debug|x86
		{E378FA4A-EADB-4E82-AFFB-5EA5F873E791}.Debug|x86.Deploy.0 = Debug|x86
		{E378FA4A-EADB-4E82-AFFB-5EA5F873E791}.Release|Any CPU.ActiveCfg = Release|Any CPU
		{E378FA4A-EADB-4E82-AFFB-5EA5F873E791}.Release|Any CPU.Build.0 = Release|Any CPU
		{E378FA4A-EADB-4E82-AFFB-5EA5F873E791}.Release|Any CPU.Deploy.0 = Release|Any CPU
		{E378FA4A-EADB-4E82-AFFB-5EA5F873E791}.Release|ARM.ActiveCfg = Release|ARM
		{E378FA4A-EADB-4E82-AFFB-5EA5F873E791}.Release|ARM.Build.0 = Release|ARM
		{E378FA4A-EADB-4E82-AFFB-5EA5F873E791}.Release|ARM.Deploy.0 = Release|ARM
		{E378FA4A-EADB-4E82-AFFB-5EA5F873E791}.Release|x64.ActiveCfg = Release|x64
		{E378FA4A-EADB-4E82-AFFB-5EA5F873E791}.Release|x64.Build.0 = Release|x64
		{E378FA4A-EADB-4E82-AFFB-5EA5F873E791}.Release|x64.Deploy.0 = Release|x64
		{E378FA4A-EADB-4E82-AFFB-5EA5F873E791}.Release|x86.ActiveCfg = Release|x86
		{E378FA4A-EADB-4E82-AFFB-5EA5F873E791}.Release|x86.Build.0 = Release|x86
		{E378FA4A-EADB-4E82-AFFB-5EA5F873E791}.Release|x86.Deploy.0 = Release|x86
		{006326DD-8881-4ADC-89B5-EA7F2CDA5B04}.Debug|Any CPU.ActiveCfg = Debug|x86
		{006326DD-8881-4ADC-89B5-EA7F2CDA5B04}.Debug|Any CPU.Build.0 = Debug|x86
		{006326DD-8881-4ADC-89B5-EA7F2CDA5B04}.Debug|Any CPU.Deploy.0 = Debug|x86
		{006326DD-8881-4ADC-89B5-EA7F2CDA5B04}.Debug|ARM.ActiveCfg = Debug|ARM
		{006326DD-8881-4ADC-89B5-EA7F2CDA5B04}.Debug|ARM.Build.0 = Debug|ARM
		{006326DD-8881-4ADC-89B5-EA7F2CDA5B04}.Debug|ARM.Deploy.0 = Debug|ARM
		{006326DD-8881-4ADC-89B5-EA7F2CDA5B04}.Debug|x64.ActiveCfg = Debug|Any CPU
		{006326DD-8881-4ADC-89B5-EA7F2CDA5B04}.Debug|x86.ActiveCfg = Debug|x86
		{006326DD-8881-4ADC-89B5-EA7F2CDA5B04}.Debug|x86.Build.0 = Debug|x86
		{006326DD-8881-4ADC-89B5-EA7F2CDA5B04}.Debug|x86.Deploy.0 = Debug|x86
		{006326DD-8881-4ADC-89B5-EA7F2CDA5B04}.Release|Any CPU.ActiveCfg = Release|Any CPU
		{006326DD-8881-4ADC-89B5-EA7F2CDA5B04}.Release|Any CPU.Build.0 = Release|Any CPU
		{006326DD-8881-4ADC-89B5-EA7F2CDA5B04}.Release|Any CPU.Deploy.0 = Release|Any CPU
		{006326DD-8881-4ADC-89B5-EA7F2CDA5B04}.Release|ARM.ActiveCfg = Release|ARM
		{006326DD-8881-4ADC-89B5-EA7F2CDA5B04}.Release|ARM.Build.0 = Release|ARM
		{006326DD-8881-4ADC-89B5-EA7F2CDA5B04}.Release|ARM.Deploy.0 = Release|ARM
		{006326DD-8881-4ADC-89B5-EA7F2CDA5B04}.Release|x64.ActiveCfg = Release|Any CPU
		{006326DD-8881-4ADC-89B5-EA7F2CDA5B04}.Release|x86.ActiveCfg = Release|x86
		{006326DD-8881-4ADC-89B5-EA7F2CDA5B04}.Release|x86.Build.0 = Release|x86
		{006326DD-8881-4ADC-89B5-EA7F2CDA5B04}.Release|x86.Deploy.0 = Release|x86
	EndGlobalSection
	GlobalSection(SolutionProperties) = preSolution
		HideSolutionNode = FALSE
	EndGlobalSection
	GlobalSection(NestedProjects) = preSolution
		{E378FA4A-EADB-4E82-AFFB-5EA5F873E791} = {0F6F5DAB-E1AA-4F71-A68E-D17DDE8D970E}
		{006326DD-8881-4ADC-89B5-EA7F2CDA5B04} = {0F6F5DAB-E1AA-4F71-A68E-D17DDE8D970E}
		{6C0CB112-E2FC-4493-88BE-63343218B805} = {0F6F5DAB-E1AA-4F71-A68E-D17DDE8D970E}
	EndGlobalSection
EndGlobal
